
Microsoft Visual Studio Solution File, Format Version 12.00
# Visual Studio Version 17
VisualStudioVersion = 17.7.34024.191
MinimumVisualStudioVersion = 10.0.40219.1
Project("{8BC9CEB8-8B4A-11D0-8D11-00A0C91BC942}") = "test2", "test2\test2.vcxproj", "{432CC503-E56E-4613-A213-E191967CDFC2}"
EndProject
Global
	GlobalSection(SolutionConfigurationPlatforms) = preSolution
		Debug|x64 = Debug|x64
		Debug|x86 = Debug|x86
		Release|x64 = Release|x64
		Release|x86 = Release|x86
	EndGlobalSection
	GlobalSection(ProjectConfigurationPlatforms) = postSolution
		{432CC503-E56E-4613-A213-E191967CDFC2}.Debug|x64.ActiveCfg = Debug|x64
		{432CC503-E56E-4613-A213-E191967CDFC2}.Debug|x64.Build.0 = Debug|x64
		{432CC503-E56E-4613-A213-E191967CDFC2}.Debug|x86.ActiveCfg = Debug|Win32
		{432CC503-E56E-4613-A213-E191967CDFC2}.Debug|x86.Build.0 = Debug|Win32
		{432CC503-E56E-4613-A213-E191967CDFC2}.Release|x64.ActiveCfg = Release|x64
		{432CC503-E56E-4613-A213-E191967CDFC2}.Release|x64.Build.0 = Release|x64
		{432CC503-E56E-4613-A213-E191967CDFC2}.Release|x86.ActiveCfg = Release|Win32
		{432CC503-E56E-4613-A213-E191967CDFC2}.Release|x86.Build.0 = Release|Win32
	EndGlobalSection
	GlobalSection(SolutionProperties) = preSolution
		HideSolutionNode = FALSE
	EndGlobalSection
	GlobalSection(ExtensibilityGlobals) = postSolution
		SolutionGuid = {22B71D8B-EC6B-4EF1-9B66-80DE3A94DF56}
	EndGlobalSection
EndGlobal
